
Microsoft Visual Studio Solution File, Format Version 12.00
# Visual Studio Version 16
VisualStudioVersion = 16.0.28803.452
MinimumVisualStudioVersion = 10.0.40219.1
Project("{FAE04EC0-301F-11D3-BF4B-00C04F79EFBC}") = "NameJoiner", "NameJoiner\NameJoiner.csproj", "{D7FD9778-4C6B-4595-8162-80E14B1EBCC0}"
EndProject
Project("{FAE04EC0-301F-11D3-BF4B-00C04F79EFBC}") = "Tests", "Tests\Tests.csproj", "{D43DE1BF-8A6E-48B4-B421-6F7C9D69E6B6}"
EndProject
Project("{FAE04EC0-301F-11D3-BF4B-00C04F79EFBC}") = "HangmanGame", "HangmanGame\HangmanGame.csproj", "{99045568-3591-4E08-B4B4-83D3012FEC6A}"
EndProject
Project("{FAE04EC0-301F-11D3-BF4B-00C04F79EFBC}") = "Reverser", "Reverser\Reverser.csproj", "{C138A050-5AF7-47BD-B400-E3A1B8CB072F}"
EndProject
Global
	GlobalSection(SolutionConfigurationPlatforms) = preSolution
		Debug|Any CPU = Debug|Any CPU
		Release|Any CPU = Release|Any CPU
	EndGlobalSection
	GlobalSection(ProjectConfigurationPlatforms) = postSolution
		{D7FD9778-4C6B-4595-8162-80E14B1EBCC0}.Debug|Any CPU.ActiveCfg = Debug|Any CPU
		{D7FD9778-4C6B-4595-8162-80E14B1EBCC0}.Debug|Any CPU.Build.0 = Debug|Any CPU
		{D7FD9778-4C6B-4595-8162-80E14B1EBCC0}.Release|Any CPU.ActiveCfg = Release|Any CPU
		{D7FD9778-4C6B-4595-8162-80E14B1EBCC0}.Release|Any CPU.Build.0 = Release|Any CPU
		{D43DE1BF-8A6E-48B4-B421-6F7C9D69E6B6}.Debug|Any CPU.ActiveCfg = Debug|Any CPU
		{D43DE1BF-8A6E-48B4-B421-6F7C9D69E6B6}.Debug|Any CPU.Build.0 = Debug|Any CPU
		{D43DE1BF-8A6E-48B4-B421-6F7C9D69E6B6}.Release|Any CPU.ActiveCfg = Release|Any CPU
		{D43DE1BF-8A6E-48B4-B421-6F7C9D69E6B6}.Release|Any CPU.Build.0 = Release|Any CPU
		{99045568-3591-4E08-B4B4-83D3012FEC6A}.Debug|Any CPU.ActiveCfg = Debug|Any CPU
		{99045568-3591-4E08-B4B4-83D3012FEC6A}.Debug|Any CPU.Build.0 = Debug|Any CPU
		{99045568-3591-4E08-B4B4-83D3012FEC6A}.Release|Any CPU.ActiveCfg = Release|Any CPU
		{99045568-3591-4E08-B4B4-83D3012FEC6A}.Release|Any CPU.Build.0 = Release|Any CPU
		{C138A050-5AF7-47BD-B400-E3A1B8CB072F}.Debug|Any CPU.ActiveCfg = Debug|Any CPU
		{C138A050-5AF7-47BD-B400-E3A1B8CB072F}.Debug|Any CPU.Build.0 = Debug|Any CPU
		{C138A050-5AF7-47BD-B400-E3A1B8CB072F}.Release|Any CPU.ActiveCfg = Release|Any CPU
		{C138A050-5AF7-47BD-B400-E3A1B8CB072F}.Release|Any CPU.Build.0 = Release|Any CPU
	EndGlobalSection
	GlobalSection(SolutionProperties) = preSolution
		HideSolutionNode = FALSE
	EndGlobalSection
	GlobalSection(ExtensibilityGlobals) = postSolution
		SolutionGuid = {3831BD4B-26A7-4897-956D-F798453AC518}
	EndGlobalSection
EndGlobal
